
Microsoft Visual Studio Solution File, Format Version 12.00
# Visual Studio Version 17
VisualStudioVersion = 17.9.34622.214
MinimumVisualStudioVersion = 10.0.40219.1
Project("{9A19103F-16F7-4668-BE54-9A1E7A4F7556}") = "CSProjeDemo1", "CSProjeDemo1\CSProjeDemo1.csproj", "{6228795A-14CC-4AF4-9342-190018CE1EC7}"
EndProject
Project("{9A19103F-16F7-4668-BE54-9A1E7A4F7556}") = "CSProjeDemo1.UI", "CSProjeDemo1.UI\CSProjeDemo1.UI.csproj", "{7387C724-7DE0-45DE-8E26-BD4AF4427FFD}"
EndProject
Project("{FAE04EC0-301F-11D3-BF4B-00C04F79EFBC}") = "ProjeDemo1.API", "ProjeDemo1.API\ProjeDemo1.API.csproj", "{D24B3FF6-550A-4A60-A173-61026182ED62}"
EndProject
Project("{FAE04EC0-301F-11D3-BF4B-00C04F79EFBC}") = "ProjeDemo1.EntityLayer", "ProjeDemo1.EntityLayer\ProjeDemo1.EntityLayer.csproj", "{76258A10-B72D-4124-9F2D-C5FBCFB33D70}"
EndProject
Global
	GlobalSection(SolutionConfigurationPlatforms) = preSolution
		Debug|Any CPU = Debug|Any CPU
		Release|Any CPU = Release|Any CPU
	EndGlobalSection
	GlobalSection(ProjectConfigurationPlatforms) = postSolution
		{6228795A-14CC-4AF4-9342-190018CE1EC7}.Debug|Any CPU.ActiveCfg = Debug|Any CPU
		{6228795A-14CC-4AF4-9342-190018CE1EC7}.Debug|Any CPU.Build.0 = Debug|Any CPU
		{6228795A-14CC-4AF4-9342-190018CE1EC7}.Release|Any CPU.ActiveCfg = Release|Any CPU
		{6228795A-14CC-4AF4-9342-190018CE1EC7}.Release|Any CPU.Build.0 = Release|Any CPU
		{7387C724-7DE0-45DE-8E26-BD4AF4427FFD}.Debug|Any CPU.ActiveCfg = Debug|Any CPU
		{7387C724-7DE0-45DE-8E26-BD4AF4427FFD}.Debug|Any CPU.Build.0 = Debug|Any CPU
		{7387C724-7DE0-45DE-8E26-BD4AF4427FFD}.Release|Any CPU.ActiveCfg = Release|Any CPU
		{7387C724-7DE0-45DE-8E26-BD4AF4427FFD}.Release|Any CPU.Build.0 = Release|Any CPU
		{D24B3FF6-550A-4A60-A173-61026182ED62}.Debug|Any CPU.ActiveCfg = Debug|Any CPU
		{D24B3FF6-550A-4A60-A173-61026182ED62}.Debug|Any CPU.Build.0 = Debug|Any CPU
		{D24B3FF6-550A-4A60-A173-61026182ED62}.Release|Any CPU.ActiveCfg = Release|Any CPU
		{D24B3FF6-550A-4A60-A173-61026182ED62}.Release|Any CPU.Build.0 = Release|Any CPU
		{76258A10-B72D-4124-9F2D-C5FBCFB33D70}.Debug|Any CPU.ActiveCfg = Debug|Any CPU
		{76258A10-B72D-4124-9F2D-C5FBCFB33D70}.Debug|Any CPU.Build.0 = Debug|Any CPU
		{76258A10-B72D-4124-9F2D-C5FBCFB33D70}.Release|Any CPU.ActiveCfg = Release|Any CPU
		{76258A10-B72D-4124-9F2D-C5FBCFB33D70}.Release|Any CPU.Build.0 = Release|Any CPU
	EndGlobalSection
	GlobalSection(SolutionProperties) = preSolution
		HideSolutionNode = FALSE
	EndGlobalSection
	GlobalSection(ExtensibilityGlobals) = postSolution
		SolutionGuid = {2AF83471-C1F6-4F1B-A1F9-98D35BFCDA29}
	EndGlobalSection
EndGlobal
